
Microsoft Visual Studio Solution File, Format Version 12.00
# Visual Studio 15
VisualStudioVersion = 15.0.26124.0
MinimumVisualStudioVersion = 15.0.26124.0
Project("{FAE04EC0-301F-11D3-BF4B-00C04F79EFBC}") = "Home.Server", "Home.Server\Home.Server.csproj", "{34E95678-B639-46AA-BCBB-1E8D17123B90}"
EndProject
Project("{FAE04EC0-301F-11D3-BF4B-00C04F79EFBC}") = "Gpio", "Gpio\Gpio.csproj", "{71B36B75-CFFC-46D5-A01B-9F12FB1EB5E6}"
EndProject
Project("{FAE04EC0-301F-11D3-BF4B-00C04F79EFBC}") = "Devices", "Configuration\Devices.csproj", "{1C33F96A-AA1F-4514-9083-6F9EBA1135DB}"
EndProject
Global
	GlobalSection(SolutionConfigurationPlatforms) = preSolution
		Debug|Any CPU = Debug|Any CPU
		Debug|x64 = Debug|x64
		Debug|x86 = Debug|x86
		Release|Any CPU = Release|Any CPU
		Release|x64 = Release|x64
		Release|x86 = Release|x86
	EndGlobalSection
	GlobalSection(SolutionProperties) = preSolution
		HideSolutionNode = FALSE
	EndGlobalSection
	GlobalSection(ProjectConfigurationPlatforms) = postSolution
		{34E95678-B639-46AA-BCBB-1E8D17123B90}.Debug|Any CPU.ActiveCfg = Debug|Any CPU
		{34E95678-B639-46AA-BCBB-1E8D17123B90}.Debug|Any CPU.Build.0 = Debug|Any CPU
		{34E95678-B639-46AA-BCBB-1E8D17123B90}.Debug|x64.ActiveCfg = Debug|Any CPU
		{34E95678-B639-46AA-BCBB-1E8D17123B90}.Debug|x64.Build.0 = Debug|Any CPU
		{34E95678-B639-46AA-BCBB-1E8D17123B90}.Debug|x86.ActiveCfg = Debug|Any CPU
		{34E95678-B639-46AA-BCBB-1E8D17123B90}.Debug|x86.Build.0 = Debug|Any CPU
		{34E95678-B639-46AA-BCBB-1E8D17123B90}.Release|Any CPU.ActiveCfg = Release|Any CPU
		{34E95678-B639-46AA-BCBB-1E8D17123B90}.Release|Any CPU.Build.0 = Release|Any CPU
		{34E95678-B639-46AA-BCBB-1E8D17123B90}.Release|x64.ActiveCfg = Release|Any CPU
		{34E95678-B639-46AA-BCBB-1E8D17123B90}.Release|x64.Build.0 = Release|Any CPU
		{34E95678-B639-46AA-BCBB-1E8D17123B90}.Release|x86.ActiveCfg = Release|Any CPU
		{34E95678-B639-46AA-BCBB-1E8D17123B90}.Release|x86.Build.0 = Release|Any CPU
		{71B36B75-CFFC-46D5-A01B-9F12FB1EB5E6}.Debug|Any CPU.ActiveCfg = Debug|Any CPU
		{71B36B75-CFFC-46D5-A01B-9F12FB1EB5E6}.Debug|Any CPU.Build.0 = Debug|Any CPU
		{71B36B75-CFFC-46D5-A01B-9F12FB1EB5E6}.Debug|x64.ActiveCfg = Debug|Any CPU
		{71B36B75-CFFC-46D5-A01B-9F12FB1EB5E6}.Debug|x64.Build.0 = Debug|Any CPU
		{71B36B75-CFFC-46D5-A01B-9F12FB1EB5E6}.Debug|x86.ActiveCfg = Debug|Any CPU
		{71B36B75-CFFC-46D5-A01B-9F12FB1EB5E6}.Debug|x86.Build.0 = Debug|Any CPU
		{71B36B75-CFFC-46D5-A01B-9F12FB1EB5E6}.Release|Any CPU.ActiveCfg = Release|Any CPU
		{71B36B75-CFFC-46D5-A01B-9F12FB1EB5E6}.Release|Any CPU.Build.0 = Release|Any CPU
		{71B36B75-CFFC-46D5-A01B-9F12FB1EB5E6}.Release|x64.ActiveCfg = Release|Any CPU
		{71B36B75-CFFC-46D5-A01B-9F12FB1EB5E6}.Release|x64.Build.0 = Release|Any CPU
		{71B36B75-CFFC-46D5-A01B-9F12FB1EB5E6}.Release|x86.ActiveCfg = Release|Any CPU
		{71B36B75-CFFC-46D5-A01B-9F12FB1EB5E6}.Release|x86.Build.0 = Release|Any CPU
		{1C33F96A-AA1F-4514-9083-6F9EBA1135DB}.Debug|Any CPU.ActiveCfg = Debug|Any CPU
		{1C33F96A-AA1F-4514-9083-6F9EBA1135DB}.Debug|Any CPU.Build.0 = Debug|Any CPU
		{1C33F96A-AA1F-4514-9083-6F9EBA1135DB}.Debug|x64.ActiveCfg = Debug|Any CPU
		{1C33F96A-AA1F-4514-9083-6F9EBA1135DB}.Debug|x64.Build.0 = Debug|Any CPU
		{1C33F96A-AA1F-4514-9083-6F9EBA1135DB}.Debug|x86.ActiveCfg = Debug|Any CPU
		{1C33F96A-AA1F-4514-9083-6F9EBA1135DB}.Debug|x86.Build.0 = Debug|Any CPU
		{1C33F96A-AA1F-4514-9083-6F9EBA1135DB}.Release|Any CPU.ActiveCfg = Release|Any CPU
		{1C33F96A-AA1F-4514-9083-6F9EBA1135DB}.Release|Any CPU.Build.0 = Release|Any CPU
		{1C33F96A-AA1F-4514-9083-6F9EBA1135DB}.Release|x64.ActiveCfg = Release|Any CPU
		{1C33F96A-AA1F-4514-9083-6F9EBA1135DB}.Release|x64.Build.0 = Release|Any CPU
		{1C33F96A-AA1F-4514-9083-6F9EBA1135DB}.Release|x86.ActiveCfg = Release|Any CPU
		{1C33F96A-AA1F-4514-9083-6F9EBA1135DB}.Release|x86.Build.0 = Release|Any CPU
	EndGlobalSection
EndGlobal
